
Microsoft Visual Studio Solution File, Format Version 12.00
# Visual Studio Version 16
VisualStudioVersion = 16.0.30517.126
MinimumVisualStudioVersion = 10.0.40219.1
Project("{9A19103F-16F7-4668-BE54-9A1E7A4F7556}") = "Aarogyam", "Aarogyam.csproj", "{5EB9CA8C-5F87-4474-942F-FF38EB7CFFA2}"
EndProject
Global
	GlobalSection(SolutionConfigurationPlatforms) = preSolution
		Debug|Any CPU = Debug|Any CPU
		Release|Any CPU = Release|Any CPU
	EndGlobalSection
	GlobalSection(ProjectConfigurationPlatforms) = postSolution
		{5EB9CA8C-5F87-4474-942F-FF38EB7CFFA2}.Debug|Any CPU.ActiveCfg = Debug|Any CPU
		{5EB9CA8C-5F87-4474-942F-FF38EB7CFFA2}.Debug|Any CPU.Build.0 = Debug|Any CPU
		{5EB9CA8C-5F87-4474-942F-FF38EB7CFFA2}.Release|Any CPU.ActiveCfg = Release|Any CPU
		{5EB9CA8C-5F87-4474-942F-FF38EB7CFFA2}.Release|Any CPU.Build.0 = Release|Any CPU
	EndGlobalSection
	GlobalSection(SolutionProperties) = preSolution
		HideSolutionNode = FALSE
	EndGlobalSection
	GlobalSection(ExtensibilityGlobals) = postSolution
		SolutionGuid = {BE744C0D-A68E-47C2-8709-341A0CC28EDE}
	EndGlobalSection
EndGlobal
